{
  "name": "@audio/pitch",
  "version": "2.0.4",
  "lockfileVersion": 3,
  "requires": true,
  "packages": {
    "": {
      "name": "@audio/pitch",
      "version": "2.0.4",
      "license": "MIT",
      "workspaces": [
        "packages/*"
      ],
      "dependencies": {
        "@audio/pitch-amdf": "^1.0.0",
        "@audio/pitch-autocorrelation": "^1.0.0",
        "@audio/pitch-cepstrum": "^1.0.0",
        "@audio/pitch-hps": "^1.0.0",
        "@audio/pitch-mcleod": "^1.0.0",
        "@audio/pitch-pyin": "^1.0.0",
        "@audio/pitch-swipe": "^1.0.0",
        "@audio/pitch-yin": "^1.0.0"
      },
      "devDependencies": {
        "tst": "^9.4.0"
      },
      "engines": {
        "node": ">=18"
      },
      "funding": {
        "url": "https://github.com/sponsors/audiojs"
      }
    },
    "node_modules/@audio/pitch-amdf": {
      "resolved": "packages/pitch-amdf",
      "link": true
    },
    "node_modules/@audio/pitch-autocorrelation": {
      "resolved": "packages/pitch-autocorrelation",
      "link": true
    },
    "node_modules/@audio/pitch-cepstrum": {
      "resolved": "packages/pitch-cepstrum",
      "link": true
    },
    "node_modules/@audio/pitch-hps": {
      "resolved": "packages/pitch-hps",
      "link": true
    },
    "node_modules/@audio/pitch-mcleod": {
      "resolved": "packages/pitch-mcleod",
      "link": true
    },
    "node_modules/@audio/pitch-pyin": {
      "resolved": "packages/pitch-pyin",
      "link": true
    },
    "node_modules/@audio/pitch-swipe": {
      "resolved": "packages/pitch-swipe",
      "link": true
    },
    "node_modules/@audio/pitch-yin": {
      "resolved": "packages/pitch-yin",
      "link": true
    },
    "node_modules/fourier-transform": {
      "version": "2.4.0",
      "resolved": "https://registry.npmjs.org/fourier-transform/-/fourier-transform-2.4.0.tgz",
      "integrity": "sha512-B7pQ7faDJGPJcFy08OtSlbr5wkMr9eVDZOHg8q2wBDCVOpVrO5+lTcPGobx+XxdG3G9vAV57jehcChaAqrDlew==",
      "license": "MIT"
    },
    "node_modules/tst": {
      "version": "9.4.0",
      "resolved": "https://registry.npmjs.org/tst/-/tst-9.4.0.tgz",
      "integrity": "sha512-LFC1yasMqhvL9hBJdA07nozlfS1RGy/7uiBCwRZcQH9zB4+n7XpxwYszzK//WQ2JVOLAUgU3d8ABEcrFLZE0vg==",
      "dev": true,
      "license": "MIT"
    },
    "packages/pitch-amdf": {
      "name": "@audio/pitch-amdf",
      "version": "1.0.1",
      "license": "MIT",
      "engines": {
        "node": ">=18"
      },
      "funding": {
        "url": "https://github.com/sponsors/audiojs"
      }
    },
    "packages/pitch-autocorrelation": {
      "name": "@audio/pitch-autocorrelation",
      "version": "1.0.1",
      "license": "MIT",
      "engines": {
        "node": ">=18"
      },
      "funding": {
        "url": "https://github.com/sponsors/audiojs"
      }
    },
    "packages/pitch-cepstrum": {
      "name": "@audio/pitch-cepstrum",
      "version": "1.0.1",
      "license": "MIT",
      "dependencies": {
        "fourier-transform": "^2.2.0"
      },
      "engines": {
        "node": ">=18"
      },
      "funding": {
        "url": "https://github.com/sponsors/audiojs"
      }
    },
    "packages/pitch-hps": {
      "name": "@audio/pitch-hps",
      "version": "1.0.1",
      "license": "MIT",
      "dependencies": {
        "fourier-transform": "^2.2.0"
      },
      "engines": {
        "node": ">=18"
      },
      "funding": {
        "url": "https://github.com/sponsors/audiojs"
      }
    },
    "packages/pitch-mcleod": {
      "name": "@audio/pitch-mcleod",
      "version": "1.0.1",
      "license": "MIT",
      "engines": {
        "node": ">=18"
      },
      "funding": {
        "url": "https://github.com/sponsors/audiojs"
      }
    },
    "packages/pitch-pyin": {
      "name": "@audio/pitch-pyin",
      "version": "1.0.1",
      "license": "MIT",
      "engines": {
        "node": ">=18"
      },
      "funding": {
        "url": "https://github.com/sponsors/audiojs"
      }
    },
    "packages/pitch-swipe": {
      "name": "@audio/pitch-swipe",
      "version": "1.0.1",
      "license": "MIT",
      "dependencies": {
        "fourier-transform": "^2.2.0"
      },
      "engines": {
        "node": ">=18"
      },
      "funding": {
        "url": "https://github.com/sponsors/audiojs"
      }
    },
    "packages/pitch-yin": {
      "name": "@audio/pitch-yin",
      "version": "1.0.5",
      "license": "MIT",
      "engines": {
        "node": ">=18"
      },
      "funding": {
        "url": "https://github.com/sponsors/audiojs"
      }
    }
  }
}
